
Microsoft Visual Studio Solution File, Format Version 12.00
# Visual Studio 15
VisualStudioVersion = 15.0.28307.572
MinimumVisualStudioVersion = 10.0.40219.1
Project("{888888A0-9F3D-457C-B088-3A5042F75D52}") = "Ex_03", "Ex_03\Ex_03.pyproj", "{44744274-2139-4C1F-AB5D-ECD97FFC6E86}"
EndProject
Global
	GlobalSection(SolutionConfigurationPlatforms) = preSolution
		Debug|Any CPU = Debug|Any CPU
		Release|Any CPU = Release|Any CPU
	EndGlobalSection
	GlobalSection(ProjectConfigurationPlatforms) = postSolution
		{44744274-2139-4C1F-AB5D-ECD97FFC6E86}.Debug|Any CPU.ActiveCfg = Debug|Any CPU
		{44744274-2139-4C1F-AB5D-ECD97FFC6E86}.Release|Any CPU.ActiveCfg = Release|Any CPU
	EndGlobalSection
	GlobalSection(SolutionProperties) = preSolution
		HideSolutionNode = FALSE
	EndGlobalSection
	GlobalSection(ExtensibilityGlobals) = postSolution
		SolutionGuid = {20DE24CA-86B7-4DC9-A053-3AD7C85ED61B}
	EndGlobalSection
EndGlobal
