
Microsoft Visual Studio Solution File, Format Version 12.00
# Visual Studio 15
VisualStudioVersion = 15.0.28307.572
MinimumVisualStudioVersion = 10.0.40219.1
Project("{888888A0-9F3D-457C-B088-3A5042F75D52}") = "Ex_10", "Ex_10\Ex_10.pyproj", "{8A673955-E19E-44A1-9A16-054D79747D65}"
EndProject
Global
	GlobalSection(SolutionConfigurationPlatforms) = preSolution
		Debug|Any CPU = Debug|Any CPU
		Release|Any CPU = Release|Any CPU
	EndGlobalSection
	GlobalSection(ProjectConfigurationPlatforms) = postSolution
		{8A673955-E19E-44A1-9A16-054D79747D65}.Debug|Any CPU.ActiveCfg = Debug|Any CPU
		{8A673955-E19E-44A1-9A16-054D79747D65}.Release|Any CPU.ActiveCfg = Release|Any CPU
	EndGlobalSection
	GlobalSection(SolutionProperties) = preSolution
		HideSolutionNode = FALSE
	EndGlobalSection
	GlobalSection(ExtensibilityGlobals) = postSolution
		SolutionGuid = {3A69C2F0-D99F-43B9-ADE7-F0DE72B071D3}
	EndGlobalSection
EndGlobal
