
Microsoft Visual Studio Solution File, Format Version 12.00
# Visual Studio 15
VisualStudioVersion = 15.0.28307.572
MinimumVisualStudioVersion = 10.0.40219.1
Project("{888888A0-9F3D-457C-B088-3A5042F75D52}") = "Ex_04", "Ex_04\Ex_04.pyproj", "{BDCDAC24-2F53-4C0A-ADC8-9A4319B9D1F1}"
EndProject
Global
	GlobalSection(SolutionConfigurationPlatforms) = preSolution
		Debug|Any CPU = Debug|Any CPU
		Release|Any CPU = Release|Any CPU
	EndGlobalSection
	GlobalSection(ProjectConfigurationPlatforms) = postSolution
		{BDCDAC24-2F53-4C0A-ADC8-9A4319B9D1F1}.Debug|Any CPU.ActiveCfg = Debug|Any CPU
		{BDCDAC24-2F53-4C0A-ADC8-9A4319B9D1F1}.Release|Any CPU.ActiveCfg = Release|Any CPU
	EndGlobalSection
	GlobalSection(SolutionProperties) = preSolution
		HideSolutionNode = FALSE
	EndGlobalSection
	GlobalSection(ExtensibilityGlobals) = postSolution
		SolutionGuid = {11EDE4CF-0294-4399-934F-059A110B94F0}
	EndGlobalSection
EndGlobal
